{
  "nodes": {
    "brew-src": {
      "flake": false,
      "locked": {
        "lastModified": 1781226006,
        "narHash": "sha256-w4ZTuOnhYiDxjaynrMTASzp802QblBWmo3wpB8wVN4Y=",
        "owner": "Homebrew",
        "repo": "brew",
        "rev": "109191be4988470b51a60a5ef1998520aa24c01b",
        "type": "github"
      },
      "original": {
        "owner": "Homebrew",
        "ref": "6.0.1",
        "repo": "brew",
        "type": "github"
      }
    },
    "home-manager": {
      "inputs": {
        "nixpkgs": [
          "nixpkgs"
        ]
      },
      "locked": {
        "lastModified": 1781788787,
        "narHash": "sha256-YqlTCRRhGvNjcJejPeMuHrYQ/TVhOO2MV/nEGMWb8nk=",
        "owner": "nix-community",
        "repo": "home-manager",
        "rev": "d456f483f157d4b706416005da226234b9c116ff",
        "type": "github"
      },
      "original": {
        "owner": "nix-community",
        "repo": "home-manager",
        "type": "github"
      }
    },
    "homebrew-cask": {
      "flake": false,
      "locked": {
        "lastModified": 1781796458,
        "narHash": "sha256-OF7J3q3+WIZ4CsKQkgj2TdAsDkbwsrRgWfAARiQKAIQ=",
        "owner": "homebrew",
        "repo": "homebrew-cask",
        "rev": "e90068e562a613519543ea6980b28819b87df76e",
        "type": "github"
      },
      "original": {
        "owner": "homebrew",
        "repo": "homebrew-cask",
        "type": "github"
      }
    },
    "homebrew-core": {
      "flake": false,
      "locked": {
        "lastModified": 1781796179,
        "narHash": "sha256-s/gs/sydkQ4QrLj5tKd9ppvZ6ppyVMAcPLN/zkMy1ys=",
        "owner": "homebrew",
        "repo": "homebrew-core",
        "rev": "174d3270e9345f31aa633cc34ee032469ace0fe9",
        "type": "github"
      },
      "original": {
        "owner": "homebrew",
        "repo": "homebrew-core",
        "type": "github"
      }
    },
    "homebrew-encore": {
      "flake": false,
      "locked": {
        "lastModified": 1781099222,
        "narHash": "sha256-xz4CqnfF0dQWlaodGMS/DoNNHLrfP6wOPbOiwnFGGZA=",
        "owner": "encoredev",
        "repo": "homebrew-tap",
        "rev": "aaa61fabec75765e302a0cb8fb1166f80d7093c9",
        "type": "github"
      },
      "original": {
        "owner": "encoredev",
        "repo": "homebrew-tap",
        "type": "github"
      }
    },
    "homebrew-fuse": {
      "flake": false,
      "locked": {
        "lastModified": 1781596972,
        "narHash": "sha256-6Q0p2xWJEL8xfOydG4hUbzZh1HmypD+sFWQLIBZtkpI=",
        "owner": "gromgit",
        "repo": "homebrew-fuse",
        "rev": "6f9a415a4d7910fe2b97cc8ce84664ca1a1534c7",
        "type": "github"
      },
      "original": {
        "owner": "gromgit",
        "repo": "homebrew-fuse",
        "type": "github"
      }
    },
    "homebrew-supabase": {
      "flake": false,
      "locked": {
        "lastModified": 1781790847,
        "narHash": "sha256-7CWCZSc1EZQ/qJOe1mGGZ8zpTcHc1M9HxgF35oowIAU=",
        "owner": "supabase",
        "repo": "homebrew-tap",
        "rev": "d05f788a89de962d62e2fc87cac28508f9785fd8",
        "type": "github"
      },
      "original": {
        "owner": "supabase",
        "repo": "homebrew-tap",
        "type": "github"
      }
    },
    "nix-darwin": {
      "inputs": {
        "nixpkgs": [
          "nixpkgs"
        ]
      },
      "locked": {
        "lastModified": 1781761792,
        "narHash": "sha256-rCPytmKNjctLloB6UgK5CRrHSwV4b0ygxtJLPPp8R14=",
        "owner": "nix-darwin",
        "repo": "nix-darwin",
        "rev": "a1fa429e945becaf60468600daf649be4ba0350c",
        "type": "github"
      },
      "original": {
        "owner": "nix-darwin",
        "ref": "master",
        "repo": "nix-darwin",
        "type": "github"
      }
    },
    "nix-homebrew": {
      "inputs": {
        "brew-src": "brew-src"
      },
      "locked": {
        "lastModified": 1781389246,
        "narHash": "sha256-ORqLAo/hoJdsZC7UPAuEHev6S0+XIqKEC7vjo5prz1k=",
        "owner": "zhaofengli",
        "repo": "nix-homebrew",
        "rev": "de7953a08ed4bb9245be043e468561c17b89130d",
        "type": "github"
      },
      "original": {
        "owner": "zhaofengli",
        "repo": "nix-homebrew",
        "type": "github"
      }
    },
    "nixpkgs": {
      "locked": {
        "lastModified": 1781607440,
        "narHash": "sha256-rxO+uc/KFbSJp+pgyXRuAX6QlG9hJdnt0BXpEQRXY+U=",
        "owner": "NixOS",
        "repo": "nixpkgs",
        "rev": "3e41b24abd260e8f71dbe2f5737d24122f972158",
        "type": "github"
      },
      "original": {
        "owner": "NixOS",
        "ref": "nixpkgs-unstable",
        "repo": "nixpkgs",
        "type": "github"
      }
    },
    "nixpkgs_2": {
      "locked": {
        "lastModified": 1770107345,
        "narHash": "sha256-tbS0Ebx2PiA1FRW8mt8oejR0qMXmziJmPaU1d4kYY9g=",
        "owner": "nixos",
        "repo": "nixpkgs",
        "rev": "4533d9293756b63904b7238acb84ac8fe4c8c2c4",
        "type": "github"
      },
      "original": {
        "owner": "nixos",
        "ref": "nixpkgs-unstable",
        "repo": "nixpkgs",
        "type": "github"
      }
    },
    "root": {
      "inputs": {
        "home-manager": "home-manager",
        "homebrew-cask": "homebrew-cask",
        "homebrew-core": "homebrew-core",
        "homebrew-encore": "homebrew-encore",
        "homebrew-fuse": "homebrew-fuse",
        "homebrew-supabase": "homebrew-supabase",
        "nix-darwin": "nix-darwin",
        "nix-homebrew": "nix-homebrew",
        "nixpkgs": "nixpkgs",
        "systems": "systems",
        "treefmt-nix": "treefmt-nix"
      }
    },
    "systems": {
      "locked": {
        "lastModified": 1681028828,
        "narHash": "sha256-Vy1rq5AaRuLzOxct8nz4T6wlgyUR7zLU309k9mBC768=",
        "owner": "nix-systems",
        "repo": "default",
        "rev": "da67096a3b9bf56a91d16901293e51ba5b49a27e",
        "type": "github"
      },
      "original": {
        "owner": "nix-systems",
        "repo": "default",
        "type": "github"
      }
    },
    "treefmt-nix": {
      "inputs": {
        "nixpkgs": "nixpkgs_2"
      },
      "locked": {
        "lastModified": 1780220602,
        "narHash": "sha256-eynAfOmbmxJnkp7YewvCEbShNnnYJ9gLLqkzsYtBPeM=",
        "owner": "numtide",
        "repo": "treefmt-nix",
        "rev": "db947814a175b7ca6ded66e21383d938df01c227",
        "type": "github"
      },
      "original": {
        "owner": "numtide",
        "repo": "treefmt-nix",
        "type": "github"
      }
    }
  },
  "root": "root",
  "version": 7
}
